
Microsoft Visual Studio Solution File, Format Version 12.00
# Visual Studio 15
VisualStudioVersion = 15.0.26730.15
MinimumVisualStudioVersion = 10.0.40219.1
Project("{FAE04EC0-301F-11D3-BF4B-00C04F79EFBC}") = "10.1.26C", "10.1.26C\10.1.26C.csproj", "{20DB6588-954D-452D-B35C-2D3DE511ECB9}"
EndProject
Project("{FAE04EC0-301F-11D3-BF4B-00C04F79EFBC}") = "10.1.26F", "10.1.26F\10.1.26F.csproj", "{04F4FC07-9C87-43CC-9FF0-DFEB99B70F34}"
EndProject
Project("{FAE04EC0-301F-11D3-BF4B-00C04F79EFBC}") = "BL", "BL\BL.csproj", "{9F83350D-1CB0-4FC6-80AA-50C3084940E7}"
EndProject
Global
	GlobalSection(SolutionConfigurationPlatforms) = preSolution
		Debug|Any CPU = Debug|Any CPU
		Release|Any CPU = Release|Any CPU
	EndGlobalSection
	GlobalSection(ProjectConfigurationPlatforms) = postSolution
		{20DB6588-954D-452D-B35C-2D3DE511ECB9}.Debug|Any CPU.ActiveCfg = Debug|Any CPU
		{20DB6588-954D-452D-B35C-2D3DE511ECB9}.Debug|Any CPU.Build.0 = Debug|Any CPU
		{20DB6588-954D-452D-B35C-2D3DE511ECB9}.Release|Any CPU.ActiveCfg = Release|Any CPU
		{20DB6588-954D-452D-B35C-2D3DE511ECB9}.Release|Any CPU.Build.0 = Release|Any CPU
		{04F4FC07-9C87-43CC-9FF0-DFEB99B70F34}.Debug|Any CPU.ActiveCfg = Debug|Any CPU
		{04F4FC07-9C87-43CC-9FF0-DFEB99B70F34}.Debug|Any CPU.Build.0 = Debug|Any CPU
		{04F4FC07-9C87-43CC-9FF0-DFEB99B70F34}.Release|Any CPU.ActiveCfg = Release|Any CPU
		{04F4FC07-9C87-43CC-9FF0-DFEB99B70F34}.Release|Any CPU.Build.0 = Release|Any CPU
		{9F83350D-1CB0-4FC6-80AA-50C3084940E7}.Debug|Any CPU.ActiveCfg = Debug|Any CPU
		{9F83350D-1CB0-4FC6-80AA-50C3084940E7}.Debug|Any CPU.Build.0 = Debug|Any CPU
		{9F83350D-1CB0-4FC6-80AA-50C3084940E7}.Release|Any CPU.ActiveCfg = Release|Any CPU
		{9F83350D-1CB0-4FC6-80AA-50C3084940E7}.Release|Any CPU.Build.0 = Release|Any CPU
	EndGlobalSection
	GlobalSection(SolutionProperties) = preSolution
		HideSolutionNode = FALSE
	EndGlobalSection
	GlobalSection(ExtensibilityGlobals) = postSolution
		SolutionGuid = {BA24BE2E-E097-4B07-A784-BF3E2CC5B2A1}
	EndGlobalSection
EndGlobal
