
Microsoft Visual Studio Solution File, Format Version 12.00
# Visual Studio 15
VisualStudioVersion = 15.0.26730.15
MinimumVisualStudioVersion = 10.0.40219.1
Project("{FAE04EC0-301F-11D3-BF4B-00C04F79EFBC}") = "10.1.16F", "Task10_Example\10.1.16F.csproj", "{EB8F8780-F518-4E2A-BFC1-4405D81A7493}"
EndProject
Project("{FAE04EC0-301F-11D3-BF4B-00C04F79EFBC}") = "BL", "BL\BL.csproj", "{68ABE92D-F2AF-496D-AB95-756592C43321}"
EndProject
Project("{FAE04EC0-301F-11D3-BF4B-00C04F79EFBC}") = "10.1.26C", "10.1.26\10.1.26C.csproj", "{351AAA4A-972E-4CA0-B0A9-C068F0C4829A}"
EndProject
Global
	GlobalSection(SolutionConfigurationPlatforms) = preSolution
		Debug|Any CPU = Debug|Any CPU
		Release|Any CPU = Release|Any CPU
	EndGlobalSection
	GlobalSection(ProjectConfigurationPlatforms) = postSolution
		{EB8F8780-F518-4E2A-BFC1-4405D81A7493}.Debug|Any CPU.ActiveCfg = Debug|Any CPU
		{EB8F8780-F518-4E2A-BFC1-4405D81A7493}.Debug|Any CPU.Build.0 = Debug|Any CPU
		{EB8F8780-F518-4E2A-BFC1-4405D81A7493}.Release|Any CPU.ActiveCfg = Release|Any CPU
		{EB8F8780-F518-4E2A-BFC1-4405D81A7493}.Release|Any CPU.Build.0 = Release|Any CPU
		{68ABE92D-F2AF-496D-AB95-756592C43321}.Debug|Any CPU.ActiveCfg = Debug|Any CPU
		{68ABE92D-F2AF-496D-AB95-756592C43321}.Debug|Any CPU.Build.0 = Debug|Any CPU
		{68ABE92D-F2AF-496D-AB95-756592C43321}.Release|Any CPU.ActiveCfg = Release|Any CPU
		{68ABE92D-F2AF-496D-AB95-756592C43321}.Release|Any CPU.Build.0 = Release|Any CPU
		{351AAA4A-972E-4CA0-B0A9-C068F0C4829A}.Debug|Any CPU.ActiveCfg = Debug|Any CPU
		{351AAA4A-972E-4CA0-B0A9-C068F0C4829A}.Debug|Any CPU.Build.0 = Debug|Any CPU
		{351AAA4A-972E-4CA0-B0A9-C068F0C4829A}.Release|Any CPU.ActiveCfg = Release|Any CPU
		{351AAA4A-972E-4CA0-B0A9-C068F0C4829A}.Release|Any CPU.Build.0 = Release|Any CPU
	EndGlobalSection
	GlobalSection(SolutionProperties) = preSolution
		HideSolutionNode = FALSE
	EndGlobalSection
	GlobalSection(ExtensibilityGlobals) = postSolution
		SolutionGuid = {F7E74588-9756-4CFB-A60F-6F6E46849DC7}
	EndGlobalSection
EndGlobal
